
Microsoft Visual Studio Solution File, Format Version 12.00
# Visual Studio 15
VisualStudioVersion = 15.0.28010.2003
MinimumVisualStudioVersion = 10.0.40219.1
Project("{FAE04EC0-301F-11D3-BF4B-00C04F79EFBC}") = "ids4_ResourceOwnerPasswords", "ids4_ResourceOwnerPasswords\ids4_ResourceOwnerPasswords.csproj", "{820B341F-A047-4D04-995F-79C7B62BE196}"
EndProject
Project("{FAE04EC0-301F-11D3-BF4B-00C04F79EFBC}") = "Api", "Api\Api.csproj", "{24AEC772-823D-4630-8CF6-623979460101}"
EndProject
Project("{FAE04EC0-301F-11D3-BF4B-00C04F79EFBC}") = "Client", "Client\Client.csproj", "{33D7D6AB-044A-4615-A6CE-5AB84E5A0EC0}"
EndProject
Global
	GlobalSection(SolutionConfigurationPlatforms) = preSolution
		Debug|Any CPU = Debug|Any CPU
		Release|Any CPU = Release|Any CPU
	EndGlobalSection
	GlobalSection(ProjectConfigurationPlatforms) = postSolution
		{820B341F-A047-4D04-995F-79C7B62BE196}.Debug|Any CPU.ActiveCfg = Debug|Any CPU
		{820B341F-A047-4D04-995F-79C7B62BE196}.Debug|Any CPU.Build.0 = Debug|Any CPU
		{820B341F-A047-4D04-995F-79C7B62BE196}.Release|Any CPU.ActiveCfg = Release|Any CPU
		{820B341F-A047-4D04-995F-79C7B62BE196}.Release|Any CPU.Build.0 = Release|Any CPU
		{24AEC772-823D-4630-8CF6-623979460101}.Debug|Any CPU.ActiveCfg = Debug|Any CPU
		{24AEC772-823D-4630-8CF6-623979460101}.Debug|Any CPU.Build.0 = Debug|Any CPU
		{24AEC772-823D-4630-8CF6-623979460101}.Release|Any CPU.ActiveCfg = Release|Any CPU
		{24AEC772-823D-4630-8CF6-623979460101}.Release|Any CPU.Build.0 = Release|Any CPU
		{33D7D6AB-044A-4615-A6CE-5AB84E5A0EC0}.Debug|Any CPU.ActiveCfg = Debug|Any CPU
		{33D7D6AB-044A-4615-A6CE-5AB84E5A0EC0}.Debug|Any CPU.Build.0 = Debug|Any CPU
		{33D7D6AB-044A-4615-A6CE-5AB84E5A0EC0}.Release|Any CPU.ActiveCfg = Release|Any CPU
		{33D7D6AB-044A-4615-A6CE-5AB84E5A0EC0}.Release|Any CPU.Build.0 = Release|Any CPU
	EndGlobalSection
	GlobalSection(SolutionProperties) = preSolution
		HideSolutionNode = FALSE
	EndGlobalSection
	GlobalSection(ExtensibilityGlobals) = postSolution
		SolutionGuid = {165F283F-DADA-4942-BD3A-DD6502FF5D06}
	EndGlobalSection
EndGlobal
