
Microsoft Visual Studio Solution File, Format Version 12.00
# Visual Studio 15
VisualStudioVersion = 15.0.28010.2003
MinimumVisualStudioVersion = 10.0.40219.1
Project("{FAE04EC0-301F-11D3-BF4B-00C04F79EFBC}") = "ids4_ClientCredentials", "ids4_ClientCredentials\ids4_ClientCredentials.csproj", "{EF5A4355-D7E1-4EDF-837C-F768863BCDE7}"
EndProject
Project("{FAE04EC0-301F-11D3-BF4B-00C04F79EFBC}") = "Api", "Api\Api.csproj", "{580D5EAA-3D46-46D5-B4A6-0556EC964BBE}"
EndProject
Project("{FAE04EC0-301F-11D3-BF4B-00C04F79EFBC}") = "Client", "Client\Client.csproj", "{1FD994DE-E893-436C-835C-1E261AAF4F96}"
EndProject
Project("{2150E333-8FDC-42A3-9474-1A3956D46DE8}") = "1_ClientCredentials", "1_ClientCredentials", "{9FAEBA10-4CA1-45C2-B00C-886ECD700540}"
EndProject
Global
	GlobalSection(SolutionConfigurationPlatforms) = preSolution
		Debug|Any CPU = Debug|Any CPU
		Release|Any CPU = Release|Any CPU
	EndGlobalSection
	GlobalSection(ProjectConfigurationPlatforms) = postSolution
		{EF5A4355-D7E1-4EDF-837C-F768863BCDE7}.Debug|Any CPU.ActiveCfg = Debug|Any CPU
		{EF5A4355-D7E1-4EDF-837C-F768863BCDE7}.Debug|Any CPU.Build.0 = Debug|Any CPU
		{EF5A4355-D7E1-4EDF-837C-F768863BCDE7}.Release|Any CPU.ActiveCfg = Release|Any CPU
		{EF5A4355-D7E1-4EDF-837C-F768863BCDE7}.Release|Any CPU.Build.0 = Release|Any CPU
		{580D5EAA-3D46-46D5-B4A6-0556EC964BBE}.Debug|Any CPU.ActiveCfg = Debug|Any CPU
		{580D5EAA-3D46-46D5-B4A6-0556EC964BBE}.Debug|Any CPU.Build.0 = Debug|Any CPU
		{580D5EAA-3D46-46D5-B4A6-0556EC964BBE}.Release|Any CPU.ActiveCfg = Release|Any CPU
		{580D5EAA-3D46-46D5-B4A6-0556EC964BBE}.Release|Any CPU.Build.0 = Release|Any CPU
		{1FD994DE-E893-436C-835C-1E261AAF4F96}.Debug|Any CPU.ActiveCfg = Debug|Any CPU
		{1FD994DE-E893-436C-835C-1E261AAF4F96}.Debug|Any CPU.Build.0 = Debug|Any CPU
		{1FD994DE-E893-436C-835C-1E261AAF4F96}.Release|Any CPU.ActiveCfg = Release|Any CPU
		{1FD994DE-E893-436C-835C-1E261AAF4F96}.Release|Any CPU.Build.0 = Release|Any CPU
	EndGlobalSection
	GlobalSection(SolutionProperties) = preSolution
		HideSolutionNode = FALSE
	EndGlobalSection
	GlobalSection(NestedProjects) = preSolution
		{EF5A4355-D7E1-4EDF-837C-F768863BCDE7} = {9FAEBA10-4CA1-45C2-B00C-886ECD700540}
		{580D5EAA-3D46-46D5-B4A6-0556EC964BBE} = {9FAEBA10-4CA1-45C2-B00C-886ECD700540}
		{1FD994DE-E893-436C-835C-1E261AAF4F96} = {9FAEBA10-4CA1-45C2-B00C-886ECD700540}
	EndGlobalSection
	GlobalSection(ExtensibilityGlobals) = postSolution
		SolutionGuid = {C42B8DA6-DEF3-4F5B-A5FD-2A3765166CDF}
	EndGlobalSection
EndGlobal
